
Microsoft Visual Studio Solution File, Format Version 12.00
# Visual Studio Version 17
VisualStudioVersion = 17.8.34330.188
MinimumVisualStudioVersion = 10.0.40219.1
Project("{FAE04EC0-301F-11D3-BF4B-00C04F79EFBC}") = "AlumnosApp", "AlumnosApp\AlumnosApp.csproj", "{8713097B-8490-4006-AD18-2F1487E3C28A}"
EndProject
Global
	GlobalSection(SolutionConfigurationPlatforms) = preSolution
		Debug|Any CPU = Debug|Any CPU
		Release|Any CPU = Release|Any CPU
	EndGlobalSection
	GlobalSection(ProjectConfigurationPlatforms) = postSolution
		{8713097B-8490-4006-AD18-2F1487E3C28A}.Debug|Any CPU.ActiveCfg = Debug|Any CPU
		{8713097B-8490-4006-AD18-2F1487E3C28A}.Debug|Any CPU.Build.0 = Debug|Any CPU
		{8713097B-8490-4006-AD18-2F1487E3C28A}.Release|Any CPU.ActiveCfg = Release|Any CPU
		{8713097B-8490-4006-AD18-2F1487E3C28A}.Release|Any CPU.Build.0 = Release|Any CPU
	EndGlobalSection
	GlobalSection(SolutionProperties) = preSolution
		HideSolutionNode = FALSE
	EndGlobalSection
	GlobalSection(ExtensibilityGlobals) = postSolution
		SolutionGuid = {4E27CF16-547F-407B-852C-5E01C470E84F}
	EndGlobalSection
EndGlobal
